
Microsoft Visual Studio Solution File, Format Version 12.00
# Visual Studio Version 17
VisualStudioVersion = 17.7.34031.279
MinimumVisualStudioVersion = 10.0.40219.1
Project("{9A19103F-16F7-4668-BE54-9A1E7A4F7556}") = "G16_Juegos", "G16_Juegos\G16_Juegos.csproj", "{460C695D-7DBD-414D-BD51-D7859586DBC9}"
EndProject
Global
	GlobalSection(SolutionConfigurationPlatforms) = preSolution
		Debug|Any CPU = Debug|Any CPU
		Release|Any CPU = Release|Any CPU
	EndGlobalSection
	GlobalSection(ProjectConfigurationPlatforms) = postSolution
		{460C695D-7DBD-414D-BD51-D7859586DBC9}.Debug|Any CPU.ActiveCfg = Debug|Any CPU
		{460C695D-7DBD-414D-BD51-D7859586DBC9}.Debug|Any CPU.Build.0 = Debug|Any CPU
		{460C695D-7DBD-414D-BD51-D7859586DBC9}.Release|Any CPU.ActiveCfg = Release|Any CPU
		{460C695D-7DBD-414D-BD51-D7859586DBC9}.Release|Any CPU.Build.0 = Release|Any CPU
	EndGlobalSection
	GlobalSection(SolutionProperties) = preSolution
		HideSolutionNode = FALSE
	EndGlobalSection
	GlobalSection(ExtensibilityGlobals) = postSolution
		SolutionGuid = {467460D2-0FE6-4B31-918E-3876CAD45BA3}
	EndGlobalSection
EndGlobal
